
Microsoft Visual Studio Solution File, Format Version 12.00
# Visual Studio Version 17
VisualStudioVersion = 17.8.34408.163
MinimumVisualStudioVersion = 10.0.40219.1
Project("{FAE04EC0-301F-11D3-BF4B-00C04F79EFBC}") = "Mission06_Vance", "Mission06_Vance\Mission06_Vance.csproj", "{AAE9964A-BFB0-4BA3-8E4D-06658B7B982C}"
EndProject
Global
	GlobalSection(SolutionConfigurationPlatforms) = preSolution
		Debug|Any CPU = Debug|Any CPU
		Release|Any CPU = Release|Any CPU
	EndGlobalSection
	GlobalSection(ProjectConfigurationPlatforms) = postSolution
		{AAE9964A-BFB0-4BA3-8E4D-06658B7B982C}.Debug|Any CPU.ActiveCfg = Debug|Any CPU
		{AAE9964A-BFB0-4BA3-8E4D-06658B7B982C}.Debug|Any CPU.Build.0 = Debug|Any CPU
		{AAE9964A-BFB0-4BA3-8E4D-06658B7B982C}.Release|Any CPU.ActiveCfg = Release|Any CPU
		{AAE9964A-BFB0-4BA3-8E4D-06658B7B982C}.Release|Any CPU.Build.0 = Release|Any CPU
	EndGlobalSection
	GlobalSection(SolutionProperties) = preSolution
		HideSolutionNode = FALSE
	EndGlobalSection
	GlobalSection(ExtensibilityGlobals) = postSolution
		SolutionGuid = {528AE88D-8F62-44E0-BE05-669F15FC71F8}
	EndGlobalSection
EndGlobal
